schema: '2.0'
stages:
  prepare:
    cmd: python src/prepare.py
    deps:
    - path: data/raw/events.csv
      hash: md5
      md5: fddaf7c1c6a9df23a726500a08ffdd7e
      size: 94237913
    - path: src/prepare.py
      hash: md5
      md5: a3a6f5dee55b1c8c846b40611d2d55ad
      size: 3335
    params:
      params.yaml:
        prepare.test_size: 0.2
    outs:
    - path: data/processed/test.parquet
      hash: md5
      md5: 9786ff3f8b43e2324864e9c37d089490
      size: 2752375
    - path: data/processed/train.parquet
      hash: md5
      md5: 032e5375e853d930be4feb94b82d836a
      size: 72703265
